
Microsoft Visual Studio Solution File, Format Version 12.00
# Visual Studio Version 17
VisualStudioVersion = 17.0.31903.59
MinimumVisualStudioVersion = 10.0.40219.1
Project("{FAE04EC0-301F-11D3-BF4B-00C04F79EFBC}") = "OnlinePayments.Sdk", "OnlinePayments.Sdk\OnlinePayments.Sdk.csproj", "{0266ED1B-C40C-4AE5-9201-32C2D24E6C89}"
EndProject
Project("{FAE04EC0-301F-11D3-BF4B-00C04F79EFBC}") = "OnlinePayments.Sdk.StrongName", "OnlinePayments.Sdk.StrongName\OnlinePayments.Sdk.StrongName.csproj", "{7D858076-7E60-4DAB-A412-06B933805596}"
EndProject
Project("{FAE04EC0-301F-11D3-BF4B-00C04F79EFBC}") = "OnlinePayments.Sdk.Tests", "OnlinePayments.Sdk.Tests\OnlinePayments.Sdk.Tests.csproj", "{6E079139-4B91-4E71-BB05-97AC5D3E8477}"
EndProject
Project("{FAE04EC0-301F-11D3-BF4B-00C04F79EFBC}") = "OnlinePayments.Sdk.IntegrationTests", "OnlinePayments.Sdk.IntegrationTests\OnlinePayments.Sdk.IntegrationTests.csproj", "{79A27039-3B04-4106-A2B5-D51723D6CE9C}"
EndProject
Global
	GlobalSection(SolutionConfigurationPlatforms) = preSolution
		Debug|Any CPU = Debug|Any CPU
		Debug|x64 = Debug|x64
		Debug|x86 = Debug|x86
		Release|Any CPU = Release|Any CPU
		Release|x64 = Release|x64
		Release|x86 = Release|x86
	EndGlobalSection
	GlobalSection(SolutionProperties) = preSolution
		HideSolutionNode = FALSE
	EndGlobalSection
	GlobalSection(ProjectConfigurationPlatforms) = postSolution
		{0266ED1B-C40C-4AE5-9201-32C2D24E6C89}.Debug|Any CPU.ActiveCfg = Debug|Any CPU
		{0266ED1B-C40C-4AE5-9201-32C2D24E6C89}.Debug|Any CPU.Build.0 = Debug|Any CPU
		{0266ED1B-C40C-4AE5-9201-32C2D24E6C89}.Debug|x64.ActiveCfg = Debug|Any CPU
		{0266ED1B-C40C-4AE5-9201-32C2D24E6C89}.Debug|x64.Build.0 = Debug|Any CPU
		{0266ED1B-C40C-4AE5-9201-32C2D24E6C89}.Debug|x86.ActiveCfg = Debug|Any CPU
		{0266ED1B-C40C-4AE5-9201-32C2D24E6C89}.Debug|x86.Build.0 = Debug|Any CPU
		{0266ED1B-C40C-4AE5-9201-32C2D24E6C89}.Release|Any CPU.ActiveCfg = Release|Any CPU
		{0266ED1B-C40C-4AE5-9201-32C2D24E6C89}.Release|Any CPU.Build.0 = Release|Any CPU
		{0266ED1B-C40C-4AE5-9201-32C2D24E6C89}.Release|x64.ActiveCfg = Release|Any CPU
		{0266ED1B-C40C-4AE5-9201-32C2D24E6C89}.Release|x64.Build.0 = Release|Any CPU
		{0266ED1B-C40C-4AE5-9201-32C2D24E6C89}.Release|x86.ActiveCfg = Release|Any CPU
		{0266ED1B-C40C-4AE5-9201-32C2D24E6C89}.Release|x86.Build.0 = Release|Any CPU
		{7D858076-7E60-4DAB-A412-06B933805596}.Debug|Any CPU.ActiveCfg = Debug|Any CPU
		{7D858076-7E60-4DAB-A412-06B933805596}.Debug|Any CPU.Build.0 = Debug|Any CPU
		{7D858076-7E60-4DAB-A412-06B933805596}.Debug|x64.ActiveCfg = Debug|Any CPU
		{7D858076-7E60-4DAB-A412-06B933805596}.Debug|x64.Build.0 = Debug|Any CPU
		{7D858076-7E60-4DAB-A412-06B933805596}.Debug|x86.ActiveCfg = Debug|Any CPU
		{7D858076-7E60-4DAB-A412-06B933805596}.Debug|x86.Build.0 = Debug|Any CPU
		{7D858076-7E60-4DAB-A412-06B933805596}.Release|Any CPU.ActiveCfg = Release|Any CPU
		{7D858076-7E60-4DAB-A412-06B933805596}.Release|Any CPU.Build.0 = Release|Any CPU
		{7D858076-7E60-4DAB-A412-06B933805596}.Release|x64.ActiveCfg = Release|Any CPU
		{7D858076-7E60-4DAB-A412-06B933805596}.Release|x64.Build.0 = Release|Any CPU
		{7D858076-7E60-4DAB-A412-06B933805596}.Release|x86.ActiveCfg = Release|Any CPU
		{7D858076-7E60-4DAB-A412-06B933805596}.Release|x86.Build.0 = Release|Any CPU
		{6E079139-4B91-4E71-BB05-97AC5D3E8477}.Debug|Any CPU.ActiveCfg = Debug|Any CPU
		{6E079139-4B91-4E71-BB05-97AC5D3E8477}.Debug|Any CPU.Build.0 = Debug|Any CPU
		{6E079139-4B91-4E71-BB05-97AC5D3E8477}.Debug|x64.ActiveCfg = Debug|Any CPU
		{6E079139-4B91-4E71-BB05-97AC5D3E8477}.Debug|x64.Build.0 = Debug|Any CPU
		{6E079139-4B91-4E71-BB05-97AC5D3E8477}.Debug|x86.ActiveCfg = Debug|Any CPU
		{6E079139-4B91-4E71-BB05-97AC5D3E8477}.Debug|x86.Build.0 = Debug|Any CPU
		{6E079139-4B91-4E71-BB05-97AC5D3E8477}.Release|Any CPU.ActiveCfg = Release|Any CPU
		{6E079139-4B91-4E71-BB05-97AC5D3E8477}.Release|Any CPU.Build.0 = Release|Any CPU
		{6E079139-4B91-4E71-BB05-97AC5D3E8477}.Release|x64.ActiveCfg = Release|Any CPU
		{6E079139-4B91-4E71-BB05-97AC5D3E8477}.Release|x64.Build.0 = Release|Any CPU
		{6E079139-4B91-4E71-BB05-97AC5D3E8477}.Release|x86.ActiveCfg = Release|Any CPU
		{6E079139-4B91-4E71-BB05-97AC5D3E8477}.Release|x86.Build.0 = Release|Any CPU
		{79A27039-3B04-4106-A2B5-D51723D6CE9C}.Debug|Any CPU.ActiveCfg = Debug|Any CPU
		{79A27039-3B04-4106-A2B5-D51723D6CE9C}.Debug|Any CPU.Build.0 = Debug|Any CPU
		{79A27039-3B04-4106-A2B5-D51723D6CE9C}.Debug|x64.ActiveCfg = Debug|Any CPU
		{79A27039-3B04-4106-A2B5-D51723D6CE9C}.Debug|x64.Build.0 = Debug|Any CPU
		{79A27039-3B04-4106-A2B5-D51723D6CE9C}.Debug|x86.ActiveCfg = Debug|Any CPU
		{79A27039-3B04-4106-A2B5-D51723D6CE9C}.Debug|x86.Build.0 = Debug|Any CPU
		{79A27039-3B04-4106-A2B5-D51723D6CE9C}.Release|Any CPU.ActiveCfg = Release|Any CPU
		{79A27039-3B04-4106-A2B5-D51723D6CE9C}.Release|Any CPU.Build.0 = Release|Any CPU
		{79A27039-3B04-4106-A2B5-D51723D6CE9C}.Release|x64.ActiveCfg = Release|Any CPU
		{79A27039-3B04-4106-A2B5-D51723D6CE9C}.Release|x64.Build.0 = Release|Any CPU
		{79A27039-3B04-4106-A2B5-D51723D6CE9C}.Release|x86.ActiveCfg = Release|Any CPU
		{79A27039-3B04-4106-A2B5-D51723D6CE9C}.Release|x86.Build.0 = Release|Any CPU
	EndGlobalSection
EndGlobal
